PODS:
  - Alamofire (4.7.3)
  - AlamofireImage (3.3.1):
    - Alamofire (~> 4.5)
  - APIKit (4.0.0):
    - Result (~> 4.0)
  - Result (4.0.0)
  - RxCocoa (4.2.0):
    - RxSwift (~> 4.0)
  - RxSwift (4.2.0)

DEPENDENCIES:
  - AlamofireImage
  - APIKit
  - RxCocoa
  - RxSwift

SPEC REPOS:
  https://github.com/cocoapods/specs.git:
    - Alamofire
    - AlamofireImage
    - APIKit
    - Result
    - RxCocoa
    - RxSwift

SPEC CHECKSUMS:
  Alamofire: c7287b6e5d7da964a70935e5db17046b7fde6568
  AlamofireImage: 3b35b586853abaf94ca1250f4e94cff3c21a4c0d
  APIKit: 23ddce4be7eccd746d2ab3c62713cd80d5846d5a
  Result: 7645bb3f50c2ce726dd0ff2fa7b6f42bbe6c3713
  RxCocoa: 0b54909c902e1e581212a03e690bbd94032d8baa
  RxSwift: 99e10317ddfcc7fbe01356aafd118fde4a0be104

PODFILE CHECKSUM: ab11c9f27237dd877472088e5f5b75e446a96f7a

COCOAPODS: 1.5.3
