// !$*UTF8*$!
{
	archiveVersion = 1;
	classes = {
	};
	objectVersion = 46;
	objects = {

/* Begin PBXBuildFile section */
		5B4375E4586CE64AA54193DE /* Pods_GithubRepositorySearchAppTests.framework in Frameworks */ = {isa = PBXBuildFile; fileRef = DD03EB3D44930D94AAA26FE7 /* Pods_GithubRepositorySearchAppTests.framework */; };
		CE5A40329895D17DC13537B5 /* Pods_GithubRepositorySearchAppUITests.framework in Frameworks */ = {isa = PBXBuildFile; fileRef = 49FA07B8740BA1171DE8A59D /* Pods_GithubRepositorySearchAppUITests.framework */; };
		F79AC3CA1EE3704800ABCF69 /* Session+Extension.swift in Sources */ = {isa = PBXBuildFile; fileRef = F79AC3C91EE3704800ABCF69 /* Session+Extension.swift */; };
		F79AC3CC1EE3870800ABCF69 /* GithubRepository.swift in Sources */ = {isa = PBXBuildFile; fileRef = F79AC3CB1EE3870800ABCF69 /* GithubRepository.swift */; };
		F79AC3CE1EE5271200ABCF69 /* GithubAPI.swift in Sources */ = {isa = PBXBuildFile; fileRef = F79AC3CD1EE5271200ABCF69 /* GithubAPI.swift */; };
		F79AC3D01EE5732600ABCF69 /* GithubRepositoryTableViewCell.swift in Sources */ = {isa = PBXBuildFile; fileRef = F79AC3CF1EE5732600ABCF69 /* GithubRepositoryTableViewCell.swift */; };
		F7EB09921EDFECFD00E58A7E /* AppDelegate.swift in Sources */ = {isa = PBXBuildFile; fileRef = F7EB09911EDFECFD00E58A7E /* AppDelegate.swift */; };
		F7EB09941EDFECFD00E58A7E /* ViewController.swift in Sources */ = {isa = PBXBuildFile; fileRef = F7EB09931EDFECFD00E58A7E /* ViewController.swift */; };
		F7EB09971EDFECFD00E58A7E /* Main.storyboard in Resources */ = {isa = PBXBuildFile; fileRef = F7EB09951EDFECFD00E58A7E /* Main.storyboard */; };
		F7EB09991EDFECFD00E58A7E /* Assets.xcassets in Resources */ = {isa = PBXBuildFile; fileRef = F7EB09981EDFECFD00E58A7E /* Assets.xcassets */; };
		F7EB099C1EDFECFD00E58A7E /* LaunchScreen.storyboard in Resources */ = {isa = PBXBuildFile; fileRef = F7EB099A1EDFECFD00E58A7E /* LaunchScreen.storyboard */; };
		F7EB09A71EDFECFD00E58A7E /* GithubRepositorySearchAppTests.swift in Sources */ = {isa = PBXBuildFile; fileRef = F7EB09A61EDFECFD00E58A7E /* GithubRepositorySearchAppTests.swift */; };
		F7EB09B21EDFECFD00E58A7E /* GithubRepositorySearchAppUITests.swift in Sources */ = {isa = PBXBuildFile; fileRef = F7EB09B11EDFECFD00E58A7E /* GithubRepositorySearchAppUITests.swift */; };
		FAD0343785AEF96F62C96C2B /* Pods_GithubRepositorySearchApp.framework in Frameworks */ = {isa = PBXBuildFile; fileRef = 49221D65234869056FB4DB91 /* Pods_GithubRepositorySearchApp.framework */; };
/* End PBXBuildFile section */

/* Begin PBXContainerItemProxy section */
		F7EB09A31EDFECFD00E58A7E /* PBXContainerItemProxy */ = {
			isa = PBXContainerItemProxy;
			containerPortal = F7EB09861EDFECFC00E58A7E /* Project object */;
			proxyType = 1;
			remoteGlobalIDString = F7EB098D1EDFECFD00E58A7E;
			remoteInfo = GithubRepositorySearchApp;
		};
		F7EB09AE1EDFECFD00E58A7E /* PBXContainerItemProxy */ = {
			isa = PBXContainerItemProxy;
			containerPortal = F7EB09861EDFECFC00E58A7E /* Project object */;
			proxyType = 1;
			remoteGlobalIDString = F7EB098D1EDFECFD00E58A7E;
			remoteInfo = GithubRepositorySearchApp;
		};
/* End PBXContainerItemProxy section */

/* Begin PBXFileReference section */
		10642E9F78436DC27BD0A8B1 /* Pods-GithubRepositorySearchAppUITests.release.xcconfig */ = {isa = PBXFileReference; includeInIndex = 1; lastKnownFileType = text.xcconfig; name = "Pods-GithubRepositorySearchAppUITests.release.xcconfig"; path = "Pods/Target Support Files/Pods-GithubRepositorySearchAppUITests/Pods-GithubRepositorySearchAppUITests.release.xcconfig"; sourceTree = "<group>"; };
		35C1CAB2B545CF1DCD4A2E72 /* Pods-GithubRepositorySearchAppTests.debug.xcconfig */ = {isa = PBXFileReference; includeInIndex = 1; lastKnownFileType = text.xcconfig; name = "Pods-GithubRepositorySearchAppTests.debug.xcconfig"; path = "Pods/Target Support Files/Pods-GithubRepositorySearchAppTests/Pods-GithubRepositorySearchAppTests.debug.xcconfig"; sourceTree = "<group>"; };
		49221D65234869056FB4DB91 /* Pods_GithubRepositorySearchApp.framework */ = {isa = PBXFileReference; explicitFileType = wrapper.framework; includeInIndex = 0; path = Pods_GithubRepositorySearchApp.framework; sourceTree = BUILT_PRODUCTS_DIR; };
		49FA07B8740BA1171DE8A59D /* Pods_GithubRepositorySearchAppUITests.framework */ = {isa = PBXFileReference; explicitFileType = wrapper.framework; includeInIndex = 0; path = Pods_GithubRepositorySearchAppUITests.framework; sourceTree = BUILT_PRODUCTS_DIR; };
		56EDCB803814F00795074EE4 /* Pods-GithubRepositorySearchAppTests.release.xcconfig */ = {isa = PBXFileReference; includeInIndex = 1; lastKnownFileType = text.xcconfig; name = "Pods-GithubRepositorySearchAppTests.release.xcconfig"; path = "Pods/Target Support Files/Pods-GithubRepositorySearchAppTests/Pods-GithubRepositorySearchAppTests.release.xcconfig"; sourceTree = "<group>"; };
		8991FD5CF04451AE6AA4524B /* Pods-GithubRepositorySearchApp.debug.xcconfig */ = {isa = PBXFileReference; includeInIndex = 1; lastKnownFileType = text.xcconfig; name = "Pods-GithubRepositorySearchApp.debug.xcconfig"; path = "Pods/Target Support Files/Pods-GithubRepositorySearchApp/Pods-GithubRepositorySearchApp.debug.xcconfig"; sourceTree = "<group>"; };
		8E0AD9E55C4D429CFF3A3DC8 /* Pods-GithubRepositorySearchAppUITests.debug.xcconfig */ = {isa = PBXFileReference; includeInIndex = 1; lastKnownFileType = text.xcconfig; name = "Pods-GithubRepositorySearchAppUITests.debug.xcconfig"; path = "Pods/Target Support Files/Pods-GithubRepositorySearchAppUITests/Pods-GithubRepositorySearchAppUITests.debug.xcconfig"; sourceTree = "<group>"; };
		CF51A3EF2E3A647F6AA19CA4 /* Pods-GithubRepositorySearchApp.release.xcconfig */ = {isa = PBXFileReference; includeInIndex = 1; lastKnownFileType = text.xcconfig; name = "Pods-GithubRepositorySearchApp.release.xcconfig"; path = "Pods/Target Support Files/Pods-GithubRepositorySearchApp/Pods-GithubRepositorySearchApp.release.xcconfig"; sourceTree = "<group>"; };
		DD03EB3D44930D94AAA26FE7 /* Pods_GithubRepositorySearchAppTests.framework */ = {isa = PBXFileReference; explicitFileType = wrapper.framework; includeInIndex = 0; path = Pods_GithubRepositorySearchAppTests.framework; sourceTree = BUILT_PRODUCTS_DIR; };
		F79AC3C91EE3704800ABCF69 /* Session+Extension.swift */ = {isa = PBXFileReference; fileEncoding = 4; lastKnownFileType = sourcecode.swift; path = "Session+Extension.swift"; sourceTree = "<group>"; };
		F79AC3CB1EE3870800ABCF69 /* GithubRepository.swift */ = {isa = PBXFileReference; fileEncoding = 4; lastKnownFileType = sourcecode.swift; path = GithubRepository.swift; sourceTree = "<group>"; };
		F79AC3CD1EE5271200ABCF69 /* GithubAPI.swift */ = {isa = PBXFileReference; fileEncoding = 4; lastKnownFileType = sourcecode.swift; path = GithubAPI.swift; sourceTree = "<group>"; };
		F79AC3CF1EE5732600ABCF69 /* GithubRepositoryTableViewCell.swift */ = {isa = PBXFileReference; fileEncoding = 4; lastKnownFileType = sourcecode.swift; path = GithubRepositoryTableViewCell.swift; sourceTree = "<group>"; };
		F7EB098E1EDFECFD00E58A7E /* GithubRepositorySearchApp.app */ = {isa = PBXFileReference; explicitFileType = wrapper.application; includeInIndex = 0; path = GithubRepositorySearchApp.app; sourceTree = BUILT_PRODUCTS_DIR; };
		F7EB09911EDFECFD00E58A7E /* AppDelegate.swift */ = {isa = PBXFileReference; lastKnownFileType = sourcecode.swift; path = AppDelegate.swift; sourceTree = "<group>"; };
		F7EB09931EDFECFD00E58A7E /* ViewController.swift */ = {isa = PBXFileReference; lastKnownFileType = sourcecode.swift; path = ViewController.swift; sourceTree = "<group>"; };
		F7EB09961EDFECFD00E58A7E /* Base */ = {isa = PBXFileReference; lastKnownFileType = file.storyboard; name = Base; path = Base.lproj/Main.storyboard; sourceTree = "<group>"; };
		F7EB09981EDFECFD00E58A7E /* Assets.xcassets */ = {isa = PBXFileReference; lastKnownFileType = folder.assetcatalog; path = Assets.xcassets; sourceTree = "<group>"; };
		F7EB099B1EDFECFD00E58A7E /* Base */ = {isa = PBXFileReference; lastKnownFileType = file.storyboard; name = Base; path = Base.lproj/LaunchScreen.storyboard; sourceTree = "<group>"; };
		F7EB099D1EDFECFD00E58A7E /* Info.plist */ = {isa = PBXFileReference; lastKnownFileType = text.plist.xml; path = Info.plist; sourceTree = "<group>"; };
		F7EB09A21EDFECFD00E58A7E /* GithubRepositorySearchAppTests.xctest */ = {isa = PBXFileReference; explicitFileType = wrapper.cfbundle; includeInIndex = 0; path = GithubRepositorySearchAppTests.xctest; sourceTree = BUILT_PRODUCTS_DIR; };
		F7EB09A61EDFECFD00E58A7E /* GithubRepositorySearchAppTests.swift */ = {isa = PBXFileReference; lastKnownFileType = sourcecode.swift; path = GithubRepositorySearchAppTests.swift; sourceTree = "<group>"; };
		F7EB09A81EDFECFD00E58A7E /* Info.plist */ = {isa = PBXFileReference; lastKnownFileType = text.plist.xml; path = Info.plist; sourceTree = "<group>"; };
		F7EB09AD1EDFECFD00E58A7E /* GithubRepositorySearchAppUITests.xctest */ = {isa = PBXFileReference; explicitFileType = wrapper.cfbundle; includeInIndex = 0; path = GithubRepositorySearchAppUITests.xctest; sourceTree = BUILT_PRODUCTS_DIR; };
		F7EB09B11EDFECFD00E58A7E /* GithubRepositorySearchAppUITests.swift */ = {isa = PBXFileReference; lastKnownFileType = sourcecode.swift; path = GithubRepositorySearchAppUITests.swift; sourceTree = "<group>"; };
		F7EB09B31EDFECFD00E58A7E /* Info.plist */ = {isa = PBXFileReference; lastKnownFileType = text.plist.xml; path = Info.plist; sourceTree = "<group>"; };
/* End PBXFileReference section */

/* Begin PBXFrameworksBuildPhase section */
		F7EB098B1EDFECFD00E58A7E /* Frameworks */ = {
			isa = PBXFrameworksBuildPhase;
			buildActionMask = 2147483647;
			files = (
				FAD0343785AEF96F62C96C2B /* Pods_GithubRepositorySearchApp.framework in Frameworks */,
			);
			runOnlyForDeploymentPostprocessing = 0;
		};
		F7EB099F1EDFECFD00E58A7E /* Frameworks */ = {
			isa = PBXFrameworksBuildPhase;
			buildActionMask = 2147483647;
			files = (
				5B4375E4586CE64AA54193DE /* Pods_GithubRepositorySearchAppTests.framework in Frameworks */,
			);
			runOnlyForDeploymentPostprocessing = 0;
		};
		F7EB09AA1EDFECFD00E58A7E /* Frameworks */ = {
			isa = PBXFrameworksBuildPhase;
			buildActionMask = 2147483647;
			files = (
				CE5A40329895D17DC13537B5 /* Pods_GithubRepositorySearchAppUITests.framework in Frameworks */,
			);
			runOnlyForDeploymentPostprocessing = 0;
		};
/* End PBXFrameworksBuildPhase section */

/* Begin PBXGroup section */
		B6169BFD79CA3693CE2FD7F2 /* Frameworks */ = {
			isa = PBXGroup;
			children = (
				49221D65234869056FB4DB91 /* Pods_GithubRepositorySearchApp.framework */,
				DD03EB3D44930D94AAA26FE7 /* Pods_GithubRepositorySearchAppTests.framework */,
				49FA07B8740BA1171DE8A59D /* Pods_GithubRepositorySearchAppUITests.framework */,
			);
			name = Frameworks;
			sourceTree = "<group>";
		};
		EE7650FC8743B802AB61EBDB /* Pods */ = {
			isa = PBXGroup;
			children = (
				8991FD5CF04451AE6AA4524B /* Pods-GithubRepositorySearchApp.debug.xcconfig */,
				CF51A3EF2E3A647F6AA19CA4 /* Pods-GithubRepositorySearchApp.release.xcconfig */,
				35C1CAB2B545CF1DCD4A2E72 /* Pods-GithubRepositorySearchAppTests.debug.xcconfig */,
				56EDCB803814F00795074EE4 /* Pods-GithubRepositorySearchAppTests.release.xcconfig */,
				8E0AD9E55C4D429CFF3A3DC8 /* Pods-GithubRepositorySearchAppUITests.debug.xcconfig */,
				10642E9F78436DC27BD0A8B1 /* Pods-GithubRepositorySearchAppUITests.release.xcconfig */,
			);
			name = Pods;
			sourceTree = "<group>";
		};
		F7EB09851EDFECFC00E58A7E = {
			isa = PBXGroup;
			children = (
				F7EB09901EDFECFD00E58A7E /* GithubRepositorySearchApp */,
				F7EB09A51EDFECFD00E58A7E /* GithubRepositorySearchAppTests */,
				F7EB09B01EDFECFD00E58A7E /* GithubRepositorySearchAppUITests */,
				F7EB098F1EDFECFD00E58A7E /* Products */,
				EE7650FC8743B802AB61EBDB /* Pods */,
				B6169BFD79CA3693CE2FD7F2 /* Frameworks */,
			);
			sourceTree = "<group>";
		};
		F7EB098F1EDFECFD00E58A7E /* Products */ = {
			isa = PBXGroup;
			children = (
				F7EB098E1EDFECFD00E58A7E /* GithubRepositorySearchApp.app */,
				F7EB09A21EDFECFD00E58A7E /* GithubRepositorySearchAppTests.xctest */,
				F7EB09AD1EDFECFD00E58A7E /* GithubRepositorySearchAppUITests.xctest */,
			);
			name = Products;
			sourceTree = "<group>";
		};
		F7EB09901EDFECFD00E58A7E /* GithubRepositorySearchApp */ = {
			isa = PBXGroup;
			children = (
				F7EB09911EDFECFD00E58A7E /* AppDelegate.swift */,
				F7EB09931EDFECFD00E58A7E /* ViewController.swift */,
				F7EB09951EDFECFD00E58A7E /* Main.storyboard */,
				F7EB09981EDFECFD00E58A7E /* Assets.xcassets */,
				F7EB099A1EDFECFD00E58A7E /* LaunchScreen.storyboard */,
				F7EB099D1EDFECFD00E58A7E /* Info.plist */,
				F79AC3C91EE3704800ABCF69 /* Session+Extension.swift */,
				F79AC3CB1EE3870800ABCF69 /* GithubRepository.swift */,
				F79AC3CD1EE5271200ABCF69 /* GithubAPI.swift */,
				F79AC3CF1EE5732600ABCF69 /* GithubRepositoryTableViewCell.swift */,
			);
			path = GithubRepositorySearchApp;
			sourceTree = "<group>";
		};
		F7EB09A51EDFECFD00E58A7E /* GithubRepositorySearchAppTests */ = {
			isa = PBXGroup;
			children = (
				F7EB09A61EDFECFD00E58A7E /* GithubRepositorySearchAppTests.swift */,
				F7EB09A81EDFECFD00E58A7E /* Info.plist */,
			);
			path = GithubRepositorySearchAppTests;
			sourceTree = "<group>";
		};
		F7EB09B01EDFECFD00E58A7E /* GithubRepositorySearchAppUITests */ = {
			isa = PBXGroup;
			children = (
				F7EB09B11EDFECFD00E58A7E /* GithubRepositorySearchAppUITests.swift */,
				F7EB09B31EDFECFD00E58A7E /* Info.plist */,
			);
			path = GithubRepositorySearchAppUITests;
			sourceTree = "<group>";
		};
/* End PBXGroup section */

/* Begin PBXNativeTarget section */
		F7EB098D1EDFECFD00E58A7E /* GithubRepositorySearchApp */ = {
			isa = PBXNativeTarget;
			buildConfigurationList = F7EB09B61EDFECFD00E58A7E /* Build configuration list for PBXNativeTarget "GithubRepositorySearchApp" */;
			buildPhases = (
				AA8EAA0F6EA758C9598CD756 /* [CP] Check Pods Manifest.lock */,
				F7EB098A1EDFECFD00E58A7E /* Sources */,
				F7EB098B1EDFECFD00E58A7E /* Frameworks */,
				F7EB098C1EDFECFD00E58A7E /* Resources */,
				53D8D0B87295A1C38F314A9E /* [CP] Embed Pods Frameworks */,
			);
			buildRules = (
			);
			dependencies = (
			);
			name = GithubRepositorySearchApp;
			productName = GithubRepositorySearchApp;
			productReference = F7EB098E1EDFECFD00E58A7E /* GithubRepositorySearchApp.app */;
			productType = "com.apple.product-type.application";
		};
		F7EB09A11EDFECFD00E58A7E /* GithubRepositorySearchAppTests */ = {
			isa = PBXNativeTarget;
			buildConfigurationList = F7EB09B91EDFECFD00E58A7E /* Build configuration list for PBXNativeTarget "GithubRepositorySearchAppTests" */;
			buildPhases = (
				C563393936D71D3DA349E62E /* [CP] Check Pods Manifest.lock */,
				F7EB099E1EDFECFD00E58A7E /* Sources */,
				F7EB099F1EDFECFD00E58A7E /* Frameworks */,
				F7EB09A01EDFECFD00E58A7E /* Resources */,
			);
			buildRules = (
			);
			dependencies = (
				F7EB09A41EDFECFD00E58A7E /* PBXTargetDependency */,
			);
			name = GithubRepositorySearchAppTests;
			productName = GithubRepositorySearchAppTests;
			productReference = F7EB09A21EDFECFD00E58A7E /* GithubRepositorySearchAppTests.xctest */;
			productType = "com.apple.product-type.bundle.unit-test";
		};
		F7EB09AC1EDFECFD00E58A7E /* GithubRepositorySearchAppUITests */ = {
			isa = PBXNativeTarget;
			buildConfigurationList = F7EB09BC1EDFECFD00E58A7E /* Build configuration list for PBXNativeTarget "GithubRepositorySearchAppUITests" */;
			buildPhases = (
				EC14AFB3E5AA52C797A313F0 /* [CP] Check Pods Manifest.lock */,
				F7EB09A91EDFECFD00E58A7E /* Sources */,
				F7EB09AA1EDFECFD00E58A7E /* Frameworks */,
				F7EB09AB1EDFECFD00E58A7E /* Resources */,
			);
			buildRules = (
			);
			dependencies = (
				F7EB09AF1EDFECFD00E58A7E /* PBXTargetDependency */,
			);
			name = GithubRepositorySearchAppUITests;
			productName = GithubRepositorySearchAppUITests;
			productReference = F7EB09AD1EDFECFD00E58A7E /* GithubRepositorySearchAppUITests.xctest */;
			productType = "com.apple.product-type.bundle.ui-testing";
		};
/* End PBXNativeTarget section */

/* Begin PBXProject section */
		F7EB09861EDFECFC00E58A7E /* Project object */ = {
			isa = PBXProject;
			attributes = {
				LastSwiftUpdateCheck = 0830;
				LastUpgradeCheck = 0830;
				ORGANIZATIONNAME = nappannda;
				TargetAttributes = {
					F7EB098D1EDFECFD00E58A7E = {
						CreatedOnToolsVersion = 8.3.2;
						ProvisioningStyle = Automatic;
					};
					F7EB09A11EDFECFD00E58A7E = {
						CreatedOnToolsVersion = 8.3.2;
						ProvisioningStyle = Automatic;
						TestTargetID = F7EB098D1EDFECFD00E58A7E;
					};
					F7EB09AC1EDFECFD00E58A7E = {
						CreatedOnToolsVersion = 8.3.2;
						ProvisioningStyle = Automatic;
						TestTargetID = F7EB098D1EDFECFD00E58A7E;
					};
				};
			};
			buildConfigurationList = F7EB09891EDFECFC00E58A7E /* Build configuration list for PBXProject "GithubRepositorySearchApp" */;
			compatibilityVersion = "Xcode 3.2";
			developmentRegion = English;
			hasScannedForEncodings = 0;
			knownRegions = (
				en,
				Base,
			);
			mainGroup = F7EB09851EDFECFC00E58A7E;
			productRefGroup = F7EB098F1EDFECFD00E58A7E /* Products */;
			projectDirPath = "";
			projectRoot = "";
			targets = (
				F7EB098D1EDFECFD00E58A7E /* GithubRepositorySearchApp */,
				F7EB09A11EDFECFD00E58A7E /* GithubRepositorySearchAppTests */,
				F7EB09AC1EDFECFD00E58A7E /* GithubRepositorySearchAppUITests */,
			);
		};
/* End PBXProject section */

/* Begin PBXResourcesBuildPhase section */
		F7EB098C1EDFECFD00E58A7E /* Resources */ = {
			isa = PBXResourcesBuildPhase;
			buildActionMask = 2147483647;
			files = (
				F7EB099C1EDFECFD00E58A7E /* LaunchScreen.storyboard in Resources */,
				F7EB09991EDFECFD00E58A7E /* Assets.xcassets in Resources */,
				F7EB09971EDFECFD00E58A7E /* Main.storyboard in Resources */,
			);
			runOnlyForDeploymentPostprocessing = 0;
		};
		F7EB09A01EDFECFD00E58A7E /* Resources */ = {
			isa = PBXResourcesBuildPhase;
			buildActionMask = 2147483647;
			files = (
			);
			runOnlyForDeploymentPostprocessing = 0;
		};
		F7EB09AB1EDFECFD00E58A7E /* Resources */ = {
			isa = PBXResourcesBuildPhase;
			buildActionMask = 2147483647;
			files = (
			);
			runOnlyForDeploymentPostprocessing = 0;
		};
/* End PBXResourcesBuildPhase section */

/* Begin PBXShellScriptBuildPhase section */
		53D8D0B87295A1C38F314A9E /* [CP] Embed Pods Frameworks */ = {
			isa = PBXShellScriptBuildPhase;
			buildActionMask = 2147483647;
			files = (
			);
			inputPaths = (
				"${SRCROOT}/Pods/Target Support Files/Pods-GithubRepositorySearchApp/Pods-GithubRepositorySearchApp-frameworks.sh",
				"${BUILT_PRODUCTS_DIR}/APIKit/APIKit.framework",
				"${BUILT_PRODUCTS_DIR}/Alamofire/Alamofire.framework",
				"${BUILT_PRODUCTS_DIR}/AlamofireImage/AlamofireImage.framework",
				"${BUILT_PRODUCTS_DIR}/ObjectMapper/ObjectMapper.framework",
				"${BUILT_PRODUCTS_DIR}/Result/Result.framework",
				"${BUILT_PRODUCTS_DIR}/RxCocoa/RxCocoa.framework",
				"${BUILT_PRODUCTS_DIR}/RxSwift/RxSwift.framework",
			);
			name = "[CP] Embed Pods Frameworks";
			outputPaths = (
				"${TARGET_BUILD_DIR}/${FRAMEWORKS_FOLDER_PATH}/APIKit.framework",
				"${TARGET_BUILD_DIR}/${FRAMEWORKS_FOLDER_PATH}/Alamofire.framework",
				"${TARGET_BUILD_DIR}/${FRAMEWORKS_FOLDER_PATH}/AlamofireImage.framework",
				"${TARGET_BUILD_DIR}/${FRAMEWORKS_FOLDER_PATH}/ObjectMapper.framework",
				"${TARGET_BUILD_DIR}/${FRAMEWORKS_FOLDER_PATH}/Result.framework",
				"${TARGET_BUILD_DIR}/${FRAMEWORKS_FOLDER_PATH}/RxCocoa.framework",
				"${TARGET_BUILD_DIR}/${FRAMEWORKS_FOLDER_PATH}/RxSwift.framework",
			);
			runOnlyForDeploymentPostprocessing = 0;
			shellPath = /bin/sh;
			shellScript = "\"${SRCROOT}/Pods/Target Support Files/Pods-GithubRepositorySearchApp/Pods-GithubRepositorySearchApp-frameworks.sh\"\n";
			showEnvVarsInLog = 0;
		};
		AA8EAA0F6EA758C9598CD756 /* [CP] Check Pods Manifest.lock */ = {
			isa = PBXShellScriptBuildPhase;
			buildActionMask = 2147483647;
			files = (
			);
			inputPaths = (
				"${PODS_PODFILE_DIR_PATH}/Podfile.lock",
				"${PODS_ROOT}/Manifest.lock",
			);
			name = "[CP] Check Pods Manifest.lock";
			outputPaths = (
				"$(DERIVED_FILE_DIR)/Pods-GithubRepositorySearchApp-checkManifestLockResult.txt",
			);
			runOnlyForDeploymentPostprocessing = 0;
			shellPath = /bin/sh;
			shellScript = "diff \"${PODS_PODFILE_DIR_PATH}/Podfile.lock\" \"${PODS_ROOT}/Manifest.lock\" > /dev/null\nif [ $? != 0 ] ; then\n    # print error to STDERR\n    echo \"error: The sandbox is not in sync with the Podfile.lock. Run 'pod install' or update your CocoaPods installation.\" >&2\n    exit 1\nfi\n# This output is used by Xcode 'outputs' to avoid re-running this script phase.\necho \"SUCCESS\" > \"${SCRIPT_OUTPUT_FILE_0}\"\n";
			showEnvVarsInLog = 0;
		};
		C563393936D71D3DA349E62E /* [CP] Check Pods Manifest.lock */ = {
			isa = PBXShellScriptBuildPhase;
			buildActionMask = 2147483647;
			files = (
			);
			inputPaths = (
				"${PODS_PODFILE_DIR_PATH}/Podfile.lock",
				"${PODS_ROOT}/Manifest.lock",
			);
			name = "[CP] Check Pods Manifest.lock";
			outputPaths = (
				"$(DERIVED_FILE_DIR)/Pods-GithubRepositorySearchAppTests-checkManifestLockResult.txt",
			);
			runOnlyForDeploymentPostprocessing = 0;
			shellPath = /bin/sh;
			shellScript = "diff \"${PODS_PODFILE_DIR_PATH}/Podfile.lock\" \"${PODS_ROOT}/Manifest.lock\" > /dev/null\nif [ $? != 0 ] ; then\n    # print error to STDERR\n    echo \"error: The sandbox is not in sync with the Podfile.lock. Run 'pod install' or update your CocoaPods installation.\" >&2\n    exit 1\nfi\n# This output is used by Xcode 'outputs' to avoid re-running this script phase.\necho \"SUCCESS\" > \"${SCRIPT_OUTPUT_FILE_0}\"\n";
			showEnvVarsInLog = 0;
		};
		EC14AFB3E5AA52C797A313F0 /* [CP] Check Pods Manifest.lock */ = {
			isa = PBXShellScriptBuildPhase;
			buildActionMask = 2147483647;
			files = (
			);
			inputPaths = (
				"${PODS_PODFILE_DIR_PATH}/Podfile.lock",
				"${PODS_ROOT}/Manifest.lock",
			);
			name = "[CP] Check Pods Manifest.lock";
			outputPaths = (
				"$(DERIVED_FILE_DIR)/Pods-GithubRepositorySearchAppUITests-checkManifestLockResult.txt",
			);
			runOnlyForDeploymentPostprocessing = 0;
			shellPath = /bin/sh;
			shellScript = "diff \"${PODS_PODFILE_DIR_PATH}/Podfile.lock\" \"${PODS_ROOT}/Manifest.lock\" > /dev/null\nif [ $? != 0 ] ; then\n    # print error to STDERR\n    echo \"error: The sandbox is not in sync with the Podfile.lock. Run 'pod install' or update your CocoaPods installation.\" >&2\n    exit 1\nfi\n# This output is used by Xcode 'outputs' to avoid re-running this script phase.\necho \"SUCCESS\" > \"${SCRIPT_OUTPUT_FILE_0}\"\n";
			showEnvVarsInLog = 0;
		};
/* End PBXShellScriptBuildPhase section */

/* Begin PBXSourcesBuildPhase section */
		F7EB098A1EDFECFD00E58A7E /* Sources */ = {
			isa = PBXSourcesBuildPhase;
			buildActionMask = 2147483647;
			files = (
				F79AC3CC1EE3870800ABCF69 /* GithubRepository.swift in Sources */,
				F79AC3CE1EE5271200ABCF69 /* GithubAPI.swift in Sources */,
				F79AC3D01EE5732600ABCF69 /* GithubRepositoryTableViewCell.swift in Sources */,
				F79AC3CA1EE3704800ABCF69 /* Session+Extension.swift in Sources */,
				F7EB09941EDFECFD00E58A7E /* ViewController.swift in Sources */,
				F7EB09921EDFECFD00E58A7E /* AppDelegate.swift in Sources */,
			);
			runOnlyForDeploymentPostprocessing = 0;
		};
		F7EB099E1EDFECFD00E58A7E /* Sources */ = {
			isa = PBXSourcesBuildPhase;
			buildActionMask = 2147483647;
			files = (
				F7EB09A71EDFECFD00E58A7E /* GithubRepositorySearchAppTests.swift in Sources */,
			);
			runOnlyForDeploymentPostprocessing = 0;
		};
		F7EB09A91EDFECFD00E58A7E /* Sources */ = {
			isa = PBXSourcesBuildPhase;
			buildActionMask = 2147483647;
			files = (
				F7EB09B21EDFECFD00E58A7E /* GithubRepositorySearchAppUITests.swift in Sources */,
			);
			runOnlyForDeploymentPostprocessing = 0;
		};
/* End PBXSourcesBuildPhase section */

/* Begin PBXTargetDependency section */
		F7EB09A41EDFECFD00E58A7E /* PBXTargetDependency */ = {
			isa = PBXTargetDependency;
			target = F7EB098D1EDFECFD00E58A7E /* GithubRepositorySearchApp */;
			targetProxy = F7EB09A31EDFECFD00E58A7E /* PBXContainerItemProxy */;
		};
		F7EB09AF1EDFECFD00E58A7E /* PBXTargetDependency */ = {
			isa = PBXTargetDependency;
			target = F7EB098D1EDFECFD00E58A7E /* GithubRepositorySearchApp */;
			targetProxy = F7EB09AE1EDFECFD00E58A7E /* PBXContainerItemProxy */;
		};
/* End PBXTargetDependency section */

/* Begin PBXVariantGroup section */
		F7EB09951EDFECFD00E58A7E /* Main.storyboard */ = {
			isa = PBXVariantGroup;
			children = (
				F7EB09961EDFECFD00E58A7E /* Base */,
			);
			name = Main.storyboard;
			sourceTree = "<group>";
		};
		F7EB099A1EDFECFD00E58A7E /* LaunchScreen.storyboard */ = {
			isa = PBXVariantGroup;
			children = (
				F7EB099B1EDFECFD00E58A7E /* Base */,
			);
			name = LaunchScreen.storyboard;
			sourceTree = "<group>";
		};
/* End PBXVariantGroup section */

/* Begin XCBuildConfiguration section */
		F7EB09B41EDFECFD00E58A7E /* Debug */ = {
			isa = XCBuildConfiguration;
			buildSettings = {
				ALWAYS_SEARCH_USER_PATHS = NO;
				CLANG_ANALYZER_NONNULL = YES;
				CLANG_ANALYZER_NUMBER_OBJECT_CONVERSION = YES_AGGRESSIVE;
				CLANG_CXX_LANGUAGE_STANDARD = "gnu++0x";
				CLANG_CXX_LIBRARY = "libc++";
				CLANG_ENABLE_MODULES = YES;
				CLANG_ENABLE_OBJC_ARC = YES;
				CLANG_WARN_BOOL_CONVERSION = YES;
				CLANG_WARN_CONSTANT_CONVERSION = YES;
				CLANG_WARN_DIRECT_OBJC_ISA_USAGE = YES_ERROR;
				CLANG_WARN_DOCUMENTATION_COMMENTS = YES;
				CLANG_WARN_EMPTY_BODY = YES;
				CLANG_WARN_ENUM_CONVERSION = YES;
				CLANG_WARN_INFINITE_RECURSION = YES;
				CLANG_WARN_INT_CONVERSION = YES;
				CLANG_WARN_OBJC_ROOT_CLASS = YES_ERROR;
				CLANG_WARN_SUSPICIOUS_MOVE = YES;
				CLANG_WARN_UNREACHABLE_CODE = YES;
				CLANG_WARN__DUPLICATE_METHOD_MATCH = YES;
				"CODE_SIGN_IDENTITY[sdk=iphoneos*]" = "iPhone Developer";
				COPY_PHASE_STRIP = NO;
				DEBUG_INFORMATION_FORMAT = dwarf;
				ENABLE_STRICT_OBJC_MSGSEND = YES;
				ENABLE_TESTABILITY = YES;
				GCC_C_LANGUAGE_STANDARD = gnu99;
				GCC_DYNAMIC_NO_PIC = NO;
				GCC_NO_COMMON_BLOCKS = YES;
				GCC_OPTIMIZATION_LEVEL = 0;
				GCC_PREPROCESSOR_DEFINITIONS = (
					"DEBUG=1",
					"$(inherited)",
				);
				GCC_WARN_64_TO_32_BIT_CONVERSION = YES;
				GCC_WARN_ABOUT_RETURN_TYPE = YES_ERROR;
				GCC_WARN_UNDECLARED_SELECTOR = YES;
				GCC_WARN_UNINITIALIZED_AUTOS = YES_AGGRESSIVE;
				GCC_WARN_UNUSED_FUNCTION = YES;
				GCC_WARN_UNUSED_VARIABLE = YES;
				IPHONEOS_DEPLOYMENT_TARGET = 10.3;
				MTL_ENABLE_DEBUG_INFO = YES;
				ONLY_ACTIVE_ARCH = YES;
				SDKROOT = iphoneos;
				SWIFT_ACTIVE_COMPILATION_CONDITIONS = DEBUG;
				SWIFT_OPTIMIZATION_LEVEL = "-Onone";
				TARGETED_DEVICE_FAMILY = "1,2";
			};
			name = Debug;
		};
		F7EB09B51EDFECFD00E58A7E /* Release */ = {
			isa = XCBuildConfiguration;
			buildSettings = {
				ALWAYS_SEARCH_USER_PATHS = NO;
				CLANG_ANALYZER_NONNULL = YES;
				CLANG_ANALYZER_NUMBER_OBJECT_CONVERSION = YES_AGGRESSIVE;
				CLANG_CXX_LANGUAGE_STANDARD = "gnu++0x";
				CLANG_CXX_LIBRARY = "libc++";
				CLANG_ENABLE_MODULES = YES;
				CLANG_ENABLE_OBJC_ARC = YES;
				CLANG_WARN_BOOL_CONVERSION = YES;
				CLANG_WARN_CONSTANT_CONVERSION = YES;
				CLANG_WARN_DIRECT_OBJC_ISA_USAGE = YES_ERROR;
				CLANG_WARN_DOCUMENTATION_COMMENTS = YES;
				CLANG_WARN_EMPTY_BODY = YES;
				CLANG_WARN_ENUM_CONVERSION = YES;
				CLANG_WARN_INFINITE_RECURSION = YES;
				CLANG_WARN_INT_CONVERSION = YES;
				CLANG_WARN_OBJC_ROOT_CLASS = YES_ERROR;
				CLANG_WARN_SUSPICIOUS_MOVE = YES;
				CLANG_WARN_UNREACHABLE_CODE = YES;
				CLANG_WARN__DUPLICATE_METHOD_MATCH = YES;
				"CODE_SIGN_IDENTITY[sdk=iphoneos*]" = "iPhone Developer";
				COPY_PHASE_STRIP = NO;
				DEBUG_INFORMATION_FORMAT = "dwarf-with-dsym";
				ENABLE_NS_ASSERTIONS = NO;
				ENABLE_STRICT_OBJC_MSGSEND = YES;
				GCC_C_LANGUAGE_STANDARD = gnu99;
				GCC_NO_COMMON_BLOCKS = YES;
				GCC_WARN_64_TO_32_BIT_CONVERSION = YES;
				GCC_WARN_ABOUT_RETURN_TYPE = YES_ERROR;
				GCC_WARN_UNDECLARED_SELECTOR = YES;
				GCC_WARN_UNINITIALIZED_AUTOS = YES_AGGRESSIVE;
				GCC_WARN_UNUSED_FUNCTION = YES;
				GCC_WARN_UNUSED_VARIABLE = YES;
				IPHONEOS_DEPLOYMENT_TARGET = 10.3;
				MTL_ENABLE_DEBUG_INFO = NO;
				SDKROOT = iphoneos;
				SWIFT_OPTIMIZATION_LEVEL = "-Owholemodule";
				TARGETED_DEVICE_FAMILY = "1,2";
				VALIDATE_PRODUCT = YES;
			};
			name = Release;
		};
		F7EB09B71EDFECFD00E58A7E /* Debug */ = {
			isa = XCBuildConfiguration;
			baseConfigurationReference = 8991FD5CF04451AE6AA4524B /* Pods-GithubRepositorySearchApp.debug.xcconfig */;
			buildSettings = {
				ASSETCATALOG_COMPILER_APPICON_NAME = AppIcon;
				INFOPLIST_FILE = GithubRepositorySearchApp/Info.plist;
				LD_RUNPATH_SEARCH_PATHS = "$(inherited) @executable_path/Frameworks";
				PRODUCT_BUNDLE_IDENTIFIER = nappannda.GithubRepositorySearchApp;
				PRODUCT_NAME = "$(TARGET_NAME)";
				SWIFT_VERSION = 3.0;
			};
			name = Debug;
		};
		F7EB09B81EDFECFD00E58A7E /* Release */ = {
			isa = XCBuildConfiguration;
			baseConfigurationReference = CF51A3EF2E3A647F6AA19CA4 /* Pods-GithubRepositorySearchApp.release.xcconfig */;
			buildSettings = {
				ASSETCATALOG_COMPILER_APPICON_NAME = AppIcon;
				INFOPLIST_FILE = GithubRepositorySearchApp/Info.plist;
				LD_RUNPATH_SEARCH_PATHS = "$(inherited) @executable_path/Frameworks";
				PRODUCT_BUNDLE_IDENTIFIER = nappannda.GithubRepositorySearchApp;
				PRODUCT_NAME = "$(TARGET_NAME)";
				SWIFT_VERSION = 3.0;
			};
			name = Release;
		};
		F7EB09BA1EDFECFD00E58A7E /* Debug */ = {
			isa = XCBuildConfiguration;
			baseConfigurationReference = 35C1CAB2B545CF1DCD4A2E72 /* Pods-GithubRepositorySearchAppTests.debug.xcconfig */;
			buildSettings = {
				ALWAYS_EMBED_SWIFT_STANDARD_LIBRARIES = YES;
				BUNDLE_LOADER = "$(TEST_HOST)";
				INFOPLIST_FILE = GithubRepositorySearchAppTests/Info.plist;
				LD_RUNPATH_SEARCH_PATHS = "$(inherited) @executable_path/Frameworks @loader_path/Frameworks";
				PRODUCT_BUNDLE_IDENTIFIER = nappannda.GithubRepositorySearchAppTests;
				PRODUCT_NAME = "$(TARGET_NAME)";
				SWIFT_VERSION = 3.0;
				TEST_HOST = "$(BUILT_PRODUCTS_DIR)/GithubRepositorySearchApp.app/GithubRepositorySearchApp";
			};
			name = Debug;
		};
		F7EB09BB1EDFECFD00E58A7E /* Release */ = {
			isa = XCBuildConfiguration;
			baseConfigurationReference = 56EDCB803814F00795074EE4 /* Pods-GithubRepositorySearchAppTests.release.xcconfig */;
			buildSettings = {
				ALWAYS_EMBED_SWIFT_STANDARD_LIBRARIES = YES;
				BUNDLE_LOADER = "$(TEST_HOST)";
				INFOPLIST_FILE = GithubRepositorySearchAppTests/Info.plist;
				LD_RUNPATH_SEARCH_PATHS = "$(inherited) @executable_path/Frameworks @loader_path/Frameworks";
				PRODUCT_BUNDLE_IDENTIFIER = nappannda.GithubRepositorySearchAppTests;
				PRODUCT_NAME = "$(TARGET_NAME)";
				SWIFT_VERSION = 3.0;
				TEST_HOST = "$(BUILT_PRODUCTS_DIR)/GithubRepositorySearchApp.app/GithubRepositorySearchApp";
			};
			name = Release;
		};
		F7EB09BD1EDFECFD00E58A7E /* Debug */ = {
			isa = XCBuildConfiguration;
			baseConfigurationReference = 8E0AD9E55C4D429CFF3A3DC8 /* Pods-GithubRepositorySearchAppUITests.debug.xcconfig */;
			buildSettings = {
				ALWAYS_EMBED_SWIFT_STANDARD_LIBRARIES = YES;
				INFOPLIST_FILE = GithubRepositorySearchAppUITests/Info.plist;
				LD_RUNPATH_SEARCH_PATHS = "$(inherited) @executable_path/Frameworks @loader_path/Frameworks";
				PRODUCT_BUNDLE_IDENTIFIER = nappannda.GithubRepositorySearchAppUITests;
				PRODUCT_NAME = "$(TARGET_NAME)";
				SWIFT_VERSION = 3.0;
				TEST_TARGET_NAME = GithubRepositorySearchApp;
			};
			name = Debug;
		};
		F7EB09BE1EDFECFD00E58A7E /* Release */ = {
			isa = XCBuildConfiguration;
			baseConfigurationReference = 10642E9F78436DC27BD0A8B1 /* Pods-GithubRepositorySearchAppUITests.release.xcconfig */;
			buildSettings = {
				ALWAYS_EMBED_SWIFT_STANDARD_LIBRARIES = YES;
				INFOPLIST_FILE = GithubRepositorySearchAppUITests/Info.plist;
				LD_RUNPATH_SEARCH_PATHS = "$(inherited) @executable_path/Frameworks @loader_path/Frameworks";
				PRODUCT_BUNDLE_IDENTIFIER = nappannda.GithubRepositorySearchAppUITests;
				PRODUCT_NAME = "$(TARGET_NAME)";
				SWIFT_VERSION = 3.0;
				TEST_TARGET_NAME = GithubRepositorySearchApp;
			};
			name = Release;
		};
/* End XCBuildConfiguration section */

/* Begin XCConfigurationList section */
		F7EB09891EDFECFC00E58A7E /* Build configuration list for PBXProject "GithubRepositorySearchApp" */ = {
			isa = XCConfigurationList;
			buildConfigurations = (
				F7EB09B41EDFECFD00E58A7E /* Debug */,
				F7EB09B51EDFECFD00E58A7E /* Release */,
			);
			defaultConfigurationIsVisible = 0;
			defaultConfigurationName = Release;
		};
		F7EB09B61EDFECFD00E58A7E /* Build configuration list for PBXNativeTarget "GithubRepositorySearchApp" */ = {
			isa = XCConfigurationList;
			buildConfigurations = (
				F7EB09B71EDFECFD00E58A7E /* Debug */,
				F7EB09B81EDFECFD00E58A7E /* Release */,
			);
			defaultConfigurationIsVisible = 0;
			defaultConfigurationName = Release;
		};
		F7EB09B91EDFECFD00E58A7E /* Build configuration list for PBXNativeTarget "GithubRepositorySearchAppTests" */ = {
			isa = XCConfigurationList;
			buildConfigurations = (
				F7EB09BA1EDFECFD00E58A7E /* Debug */,
				F7EB09BB1EDFECFD00E58A7E /* Release */,
			);
			defaultConfigurationIsVisible = 0;
			defaultConfigurationName = Release;
		};
		F7EB09BC1EDFECFD00E58A7E /* Build configuration list for PBXNativeTarget "GithubRepositorySearchAppUITests" */ = {
			isa = XCConfigurationList;
			buildConfigurations = (
				F7EB09BD1EDFECFD00E58A7E /* Debug */,
				F7EB09BE1EDFECFD00E58A7E /* Release */,
			);
			defaultConfigurationIsVisible = 0;
			defaultConfigurationName = Release;
		};
/* End XCConfigurationList section */
	};
	rootObject = F7EB09861EDFECFC00E58A7E /* Project object */;
}
